
Microsoft Visual Studio Solution File, Format Version 12.00
# Visual Studio Version 16
VisualStudioVersion = 16.0.30523.141
MinimumVisualStudioVersion = 10.0.40219.1
Project("{FAE04EC0-301F-11D3-BF4B-00C04F79EFBC}") = "Ejercicio6", "Ejercicio6\Ejercicio6.csproj", "{4DB11312-F973-40AA-AE9C-1C9835A6BE62}"
EndProject
Global
	GlobalSection(SolutionConfigurationPlatforms) = preSolution
		Debug|Any CPU = Debug|Any CPU
		Release|Any CPU = Release|Any CPU
	EndGlobalSection
	GlobalSection(ProjectConfigurationPlatforms) = postSolution
		{4DB11312-F973-40AA-AE9C-1C9835A6BE62}.Debug|Any CPU.ActiveCfg = Debug|Any CPU
		{4DB11312-F973-40AA-AE9C-1C9835A6BE62}.Debug|Any CPU.Build.0 = Debug|Any CPU
		{4DB11312-F973-40AA-AE9C-1C9835A6BE62}.Release|Any CPU.ActiveCfg = Release|Any CPU
		{4DB11312-F973-40AA-AE9C-1C9835A6BE62}.Release|Any CPU.Build.0 = Release|Any CPU
	EndGlobalSection
	GlobalSection(SolutionProperties) = preSolution
		HideSolutionNode = FALSE
	EndGlobalSection
	GlobalSection(ExtensibilityGlobals) = postSolution
		SolutionGuid = {AA65744E-9BAE-4E3F-B688-A34A508E5050}
	EndGlobalSection
EndGlobal
